// !$*UTF8*$!
{
	archiveVersion = 1;
	classes = {
	};
	objectVersion = 55;
	objects = {

/* Begin PBXBuildFile section */
		FA036CDE290917610052F131 /* PresentAnimation.swift in Sources */ = {isa = PBXBuildFile; fileRef = FA036CDD290917610052F131 /* PresentAnimation.swift */; };
		FA036CE2290917B90052F131 /* DismissAnimation.swift in Sources */ = {isa = PBXBuildFile; fileRef = FA036CE1290917B90052F131 /* DismissAnimation.swift */; };
		FA036CE42909182B0052F131 /* PresentationController.swift in Sources */ = {isa = PBXBuildFile; fileRef = FA036CE32909182B0052F131 /* PresentationController.swift */; };
		FA036CE6290918810052F131 /* PresentationDirections.swift in Sources */ = {isa = PBXBuildFile; fileRef = FA036CE5290918810052F131 /* PresentationDirections.swift */; };
		FA036D3A290A8A240052F131 /* AppCoordinator.swift in Sources */ = {isa = PBXBuildFile; fileRef = FA036D37290A8A240052F131 /* AppCoordinator.swift */; };
		FA036D3B290A8A240052F131 /* Coordinator.swift in Sources */ = {isa = PBXBuildFile; fileRef = FA036D39290A8A240052F131 /* Coordinator.swift */; };
		FA036D3E290A8B650052F131 /* AuthCoordinator.swift in Sources */ = {isa = PBXBuildFile; fileRef = FA036D3D290A8B650052F131 /* AuthCoordinator.swift */; };
		FA036D44290AF77A0052F131 /* TextField.swift in Sources */ = {isa = PBXBuildFile; fileRef = FA036D43290AF77A0052F131 /* TextField.swift */; };
		FA036D46290BBC6D0052F131 /* LoginCardViewControrller.swift in Sources */ = {isa = PBXBuildFile; fileRef = FA036D45290BBC6D0052F131 /* LoginCardViewControrller.swift */; };
		FA036D4C290BBE740052F131 /* UILabel + Extension.swift in Sources */ = {isa = PBXBuildFile; fileRef = FA036D4B290BBE740052F131 /* UILabel + Extension.swift */; };
		FA09F30329C9A79400AEEA77 /* ScheduleModel.swift in Sources */ = {isa = PBXBuildFile; fileRef = FA09F30229C9A79400AEEA77 /* ScheduleModel.swift */; };
		FA09F30529C9A8EA00AEEA77 /* UserRegisterData.swift in Sources */ = {isa = PBXBuildFile; fileRef = FA09F30429C9A8EA00AEEA77 /* UserRegisterData.swift */; };
		FA09F30729C9A92900AEEA77 /* UserApiResponse.swift in Sources */ = {isa = PBXBuildFile; fileRef = FA09F30629C9A92900AEEA77 /* UserApiResponse.swift */; };
		FA1B4C9A294C6927001FA14C /* LoginCardViewModel.swift in Sources */ = {isa = PBXBuildFile; fileRef = FA1B4C99294C6927001FA14C /* LoginCardViewModel.swift */; };
		FA32BB312A23C3D90043B63A /* ScheduleCellViewModel.swift in Sources */ = {isa = PBXBuildFile; fileRef = FA32BB302A23C3D90043B63A /* ScheduleCellViewModel.swift */; };
		FA32BB332A23C6C10043B63A /* ScheduleCellVIew.swift in Sources */ = {isa = PBXBuildFile; fileRef = FA32BB322A23C6C10043B63A /* ScheduleCellVIew.swift */; };
		FA32BB362A24C2710043B63A /* AdaptedTableView.swift in Sources */ = {isa = PBXBuildFile; fileRef = FA32BB352A24C2710043B63A /* AdaptedTableView.swift */; };
		FA32BB382A24CCF80043B63A /* AdaptedCellVIewModelProtocol.swift in Sources */ = {isa = PBXBuildFile; fileRef = FA32BB372A24CCF80043B63A /* AdaptedCellVIewModelProtocol.swift */; };
		FA32BB3A2A24CF0C0043B63A /* AdaptedCellProtocol.swift in Sources */ = {isa = PBXBuildFile; fileRef = FA32BB392A24CF0C0043B63A /* AdaptedCellProtocol.swift */; };
		FA32BB3C2A24D0DF0043B63A /* AdaptedCellFactoryProtocol.swift in Sources */ = {isa = PBXBuildFile; fileRef = FA32BB3B2A24D0DF0043B63A /* AdaptedCellFactoryProtocol.swift */; };
		FA32BB3E2A24DDE50043B63A /* AdaptedSectionViewModel.swift in Sources */ = {isa = PBXBuildFile; fileRef = FA32BB3D2A24DDE50043B63A /* AdaptedSectionViewModel.swift */; };
		FA32BB402A24DEB30043B63A /* AdaptedSectionViewModelProtocol.swift in Sources */ = {isa = PBXBuildFile; fileRef = FA32BB3F2A24DEB30043B63A /* AdaptedSectionViewModelProtocol.swift */; };
		FA32BB422A24DF080043B63A /* AdaptedViewModelInputProtocol.swift in Sources */ = {isa = PBXBuildFile; fileRef = FA32BB412A24DF080043B63A /* AdaptedViewModelInputProtocol.swift */; };
		FA32BB442A24E1060043B63A /* ScheduleCellFactory.swift in Sources */ = {isa = PBXBuildFile; fileRef = FA32BB432A24E1060043B63A /* ScheduleCellFactory.swift */; };
		FA32BB462A24F4920043B63A /* CalendarNetworkManager.swift in Sources */ = {isa = PBXBuildFile; fileRef = FA32BB452A24F4920043B63A /* CalendarNetworkManager.swift */; };
		FA445D5629C461D30000E47E /* ScheduleViewController.swift in Sources */ = {isa = PBXBuildFile; fileRef = FA445D5529C461D30000E47E /* ScheduleViewController.swift */; };
		FA445D5829C4F48C0000E47E /* ScheduleViewModel.swift in Sources */ = {isa = PBXBuildFile; fileRef = FA445D5729C4F48C0000E47E /* ScheduleViewModel.swift */; };
		FA65BE7E294F5B53007F6FB5 /* UserCreditionals.swift in Sources */ = {isa = PBXBuildFile; fileRef = FA65BE7D294F5B53007F6FB5 /* UserCreditionals.swift */; };
		FA65BE80294F6533007F6FB5 /* UserDefaults + Extension.swift in Sources */ = {isa = PBXBuildFile; fileRef = FA65BE7F294F6533007F6FB5 /* UserDefaults + Extension.swift */; };
		FA65BE86294F7C17007F6FB5 /* Observable.swift in Sources */ = {isa = PBXBuildFile; fileRef = FA65BE85294F7C17007F6FB5 /* Observable.swift */; };
		FA65BE88294FC8C2007F6FB5 /* UserProfileVIewController.swift in Sources */ = {isa = PBXBuildFile; fileRef = FA65BE87294FC8C2007F6FB5 /* UserProfileVIewController.swift */; };
		FA65BE8A294FC8D4007F6FB5 /* UserProfileViewModel.swift in Sources */ = {isa = PBXBuildFile; fileRef = FA65BE89294FC8D4007F6FB5 /* UserProfileViewModel.swift */; };
		FA65BE8D294FC945007F6FB5 /* MainTabBarVIewController.swift in Sources */ = {isa = PBXBuildFile; fileRef = FA65BE8C294FC945007F6FB5 /* MainTabBarVIewController.swift */; };
		FA65BE90294FCFF8007F6FB5 /* MainFlowCoordinator.swift in Sources */ = {isa = PBXBuildFile; fileRef = FA65BE8F294FCFF8007F6FB5 /* MainFlowCoordinator.swift */; };
		FA86C1AB291FFF99002A1782 /* RegisterCardViewController.swift in Sources */ = {isa = PBXBuildFile; fileRef = FA86C1AA291FFF99002A1782 /* RegisterCardViewController.swift */; };
		FA86C1AD29223A7E002A1782 /* UIView + Extension.swift in Sources */ = {isa = PBXBuildFile; fileRef = FA86C1AC29223A7E002A1782 /* UIView + Extension.swift */; };
		FA86C1AF2922449F002A1782 /* PersonalDataRegistrationCardViewController.swift in Sources */ = {isa = PBXBuildFile; fileRef = FA86C1AE2922449F002A1782 /* PersonalDataRegistrationCardViewController.swift */; };
		FA86C1B129224F1D002A1782 /* RegistrationViewModel.swift in Sources */ = {isa = PBXBuildFile; fileRef = FA86C1B029224F1D002A1782 /* RegistrationViewModel.swift */; };
		FA8810E6293D13A900F609CE /* BoundedButton.swift in Sources */ = {isa = PBXBuildFile; fileRef = FA8810E5293D13A900F609CE /* BoundedButton.swift */; };
		FA88A8562A1A650200A74488 /* LoadingViewController.swift in Sources */ = {isa = PBXBuildFile; fileRef = FA88A8552A1A650200A74488 /* LoadingViewController.swift */; };
		FA9C6BFD2A4E13B90033069F /* CityAndWeightStackView.swift in Sources */ = {isa = PBXBuildFile; fileRef = FA9C6BFC2A4E13B90033069F /* CityAndWeightStackView.swift */; };
		FA9C6BFF2A4E2FFA0033069F /* CityAndWeightStackViewModel.swift in Sources */ = {isa = PBXBuildFile; fileRef = FA9C6BFE2A4E2FFA0033069F /* CityAndWeightStackViewModel.swift */; };
		FA9C6C012A4E50B70033069F /* SportsCategoryView.swift in Sources */ = {isa = PBXBuildFile; fileRef = FA9C6C002A4E50B70033069F /* SportsCategoryView.swift */; };
		FA9C6C032A4E50FB0033069F /* SportsCategoryViewModel.swift in Sources */ = {isa = PBXBuildFile; fileRef = FA9C6C022A4E50FB0033069F /* SportsCategoryViewModel.swift */; };
		FAA6A94B290DC29F0068715F /* UIImage+Extension.swift in Sources */ = {isa = PBXBuildFile; fileRef = FAA6A94A290DC29F0068715F /* UIImage+Extension.swift */; };
		FAA6A951290DD1030068715F /* CardViewController.swift in Sources */ = {isa = PBXBuildFile; fileRef = FAA6A950290DD1030068715F /* CardViewController.swift */; };
		FAC04B65290327BA00B7F6BD /* AppDelegate.swift in Sources */ = {isa = PBXBuildFile; fileRef = FAC04B64290327BA00B7F6BD /* AppDelegate.swift */; };
		FAC04B67290327BA00B7F6BD /* SceneDelegate.swift in Sources */ = {isa = PBXBuildFile; fileRef = FAC04B66290327BA00B7F6BD /* SceneDelegate.swift */; };
		FAC04B69290327BA00B7F6BD /* MainViewController.swift in Sources */ = {isa = PBXBuildFile; fileRef = FAC04B68290327BA00B7F6BD /* MainViewController.swift */; };
		FAC04B71290327BB00B7F6BD /* Assets.xcassets in Resources */ = {isa = PBXBuildFile; fileRef = FAC04B70290327BB00B7F6BD /* Assets.xcassets */; };
		FAC04B74290327BB00B7F6BD /* LaunchScreen.storyboard in Resources */ = {isa = PBXBuildFile; fileRef = FAC04B72290327BB00B7F6BD /* LaunchScreen.storyboard */; };
		FAC04B7F290327BB00B7F6BD /* CISAppTests.swift in Sources */ = {isa = PBXBuildFile; fileRef = FAC04B7E290327BB00B7F6BD /* CISAppTests.swift */; };
		FAC04B89290327BB00B7F6BD /* CISAppUITests.swift in Sources */ = {isa = PBXBuildFile; fileRef = FAC04B88290327BB00B7F6BD /* CISAppUITests.swift */; };
		FAC04B8B290327BB00B7F6BD /* CISAppUITestsLaunchTests.swift in Sources */ = {isa = PBXBuildFile; fileRef = FAC04B8A290327BB00B7F6BD /* CISAppUITestsLaunchTests.swift */; };
		FAC04B9F29032BFD00B7F6BD /* AssetColors.swift in Sources */ = {isa = PBXBuildFile; fileRef = FAC04B9E29032BFD00B7F6BD /* AssetColors.swift */; };
		FAC04BA129032E0D00B7F6BD /* FontLib.swift in Sources */ = {isa = PBXBuildFile; fileRef = FAC04BA029032E0D00B7F6BD /* FontLib.swift */; };
		FAC04BA42903332E00B7F6BD /* User.swift in Sources */ = {isa = PBXBuildFile; fileRef = FAC04BA32903332E00B7F6BD /* User.swift */; };
		FADA5D02290584C400821A5A /* MainCardViewController.swift in Sources */ = {isa = PBXBuildFile; fileRef = FADA5D01290584C400821A5A /* MainCardViewController.swift */; };
		FADA5D042905878900821A5A /* StandartButton.swift in Sources */ = {isa = PBXBuildFile; fileRef = FADA5D032905878900821A5A /* StandartButton.swift */; };
		FADA5D062905BC8300821A5A /* Localization.swift in Sources */ = {isa = PBXBuildFile; fileRef = FADA5D052905BC8300821A5A /* Localization.swift */; };
		FADDB1C729D7234800EEF445 /* UIButton + extension.swift in Sources */ = {isa = PBXBuildFile; fileRef = FADDB1C629D7234800EEF445 /* UIButton + extension.swift */; };
		FADF6190294B792E008A5186 /* UIViewController + Extension.swift in Sources */ = {isa = PBXBuildFile; fileRef = FADF618F294B792E008A5186 /* UIViewController + Extension.swift */; };
		FADF6193294BBA6F008A5186 /* Constants.swift in Sources */ = {isa = PBXBuildFile; fileRef = FADF6192294BBA6F008A5186 /* Constants.swift */; };
		FADF6195294BC9E0008A5186 /* EndpointTypeProtocol.swift in Sources */ = {isa = PBXBuildFile; fileRef = FADF6194294BC9E0008A5186 /* EndpointTypeProtocol.swift */; };
		FADF6197294C26BE008A5186 /* CISAppEndPoint.swift in Sources */ = {isa = PBXBuildFile; fileRef = FADF6196294C26BE008A5186 /* CISAppEndPoint.swift */; };
		FADF6199294C344E008A5186 /* UserNetworkManager.swift in Sources */ = {isa = PBXBuildFile; fileRef = FADF6198294C344E008A5186 /* UserNetworkManager.swift */; };
		FAECE0E4290D13B8006A0DE1 /* AuthCardsCoordinatorProtocol.swift in Sources */ = {isa = PBXBuildFile; fileRef = FAECE0E3290D13B8006A0DE1 /* AuthCardsCoordinatorProtocol.swift */; };
		FAECE0E6290D28B6006A0DE1 /* TypeAliases.swift in Sources */ = {isa = PBXBuildFile; fileRef = FAECE0E5290D28B6006A0DE1 /* TypeAliases.swift */; };
		FAEE22D82A5DEE2800ED9EEA /* UIStackView + Extension.swift in Sources */ = {isa = PBXBuildFile; fileRef = FAEE22D72A5DEE2800ED9EEA /* UIStackView + Extension.swift */; };
/* End PBXBuildFile section */

/* Begin PBXContainerItemProxy section */
		FAC04B7B290327BB00B7F6BD /* PBXContainerItemProxy */ = {
			isa = PBXContainerItemProxy;
			containerPortal = FAC04B59290327BA00B7F6BD /* Project object */;
			proxyType = 1;
			remoteGlobalIDString = FAC04B60290327BA00B7F6BD;
			remoteInfo = CISApp;
		};
		FAC04B85290327BB00B7F6BD /* PBXContainerItemProxy */ = {
			isa = PBXContainerItemProxy;
			containerPortal = FAC04B59290327BA00B7F6BD /* Project object */;
			proxyType = 1;
			remoteGlobalIDString = FAC04B60290327BA00B7F6BD;
			remoteInfo = CISApp;
		};
/* End PBXContainerItemProxy section */

/* Begin PBXFileReference section */
		FA036CDD290917610052F131 /* PresentAnimation.swift */ = {isa = PBXFileReference; lastKnownFileType = sourcecode.swift; path = PresentAnimation.swift; sourceTree = "<group>"; };
		FA036CE1290917B90052F131 /* DismissAnimation.swift */ = {isa = PBXFileReference; lastKnownFileType = sourcecode.swift; path = DismissAnimation.swift; sourceTree = "<group>"; };
		FA036CE32909182B0052F131 /* PresentationController.swift */ = {isa = PBXFileReference; lastKnownFileType = sourcecode.swift; path = PresentationController.swift; sourceTree = "<group>"; };
		FA036CE5290918810052F131 /* PresentationDirections.swift */ = {isa = PBXFileReference; lastKnownFileType = sourcecode.swift; path = PresentationDirections.swift; sourceTree = "<group>"; };
		FA036D37290A8A240052F131 /* AppCoordinator.swift */ = {isa = PBXFileReference; fileEncoding = 4; lastKnownFileType = sourcecode.swift; path = AppCoordinator.swift; sourceTree = "<group>"; };
		FA036D39290A8A240052F131 /* Coordinator.swift */ = {isa = PBXFileReference; fileEncoding = 4; lastKnownFileType = sourcecode.swift; path = Coordinator.swift; sourceTree = "<group>"; };
		FA036D3D290A8B650052F131 /* AuthCoordinator.swift */ = {isa = PBXFileReference; lastKnownFileType = sourcecode.swift; path = AuthCoordinator.swift; sourceTree = "<group>"; };
		FA036D43290AF77A0052F131 /* TextField.swift */ = {isa = PBXFileReference; lastKnownFileType = sourcecode.swift; path = TextField.swift; sourceTree = "<group>"; };
		FA036D45290BBC6D0052F131 /* LoginCardViewControrller.swift */ = {isa = PBXFileReference; lastKnownFileType = sourcecode.swift; path = LoginCardViewControrller.swift; sourceTree = "<group>"; };
		FA036D4B290BBE740052F131 /* UILabel + Extension.swift */ = {isa = PBXFileReference; lastKnownFileType = sourcecode.swift; path = "UILabel + Extension.swift"; sourceTree = "<group>"; };
		FA09F30229C9A79400AEEA77 /* ScheduleModel.swift */ = {isa = PBXFileReference; lastKnownFileType = sourcecode.swift; path = ScheduleModel.swift; sourceTree = "<group>"; };
		FA09F30429C9A8EA00AEEA77 /* UserRegisterData.swift */ = {isa = PBXFileReference; lastKnownFileType = sourcecode.swift; path = UserRegisterData.swift; sourceTree = "<group>"; };
		FA09F30629C9A92900AEEA77 /* UserApiResponse.swift */ = {isa = PBXFileReference; lastKnownFileType = sourcecode.swift; path = UserApiResponse.swift; sourceTree = "<group>"; };
		FA1B4C99294C6927001FA14C /* LoginCardViewModel.swift */ = {isa = PBXFileReference; lastKnownFileType = sourcecode.swift; path = LoginCardViewModel.swift; sourceTree = "<group>"; };
		FA32BB302A23C3D90043B63A /* ScheduleCellViewModel.swift */ = {isa = PBXFileReference; lastKnownFileType = sourcecode.swift; path = ScheduleCellViewModel.swift; sourceTree = "<group>"; };
		FA32BB322A23C6C10043B63A /* ScheduleCellVIew.swift */ = {isa = PBXFileReference; lastKnownFileType = sourcecode.swift; path = ScheduleCellVIew.swift; sourceTree = "<group>"; };
		FA32BB352A24C2710043B63A /* AdaptedTableView.swift */ = {isa = PBXFileReference; lastKnownFileType = sourcecode.swift; path = AdaptedTableView.swift; sourceTree = "<group>"; };
		FA32BB372A24CCF80043B63A /* AdaptedCellVIewModelProtocol.swift */ = {isa = PBXFileReference; lastKnownFileType = sourcecode.swift; path = AdaptedCellVIewModelProtocol.swift; sourceTree = "<group>"; };
		FA32BB392A24CF0C0043B63A /* AdaptedCellProtocol.swift */ = {isa = PBXFileReference; lastKnownFileType = sourcecode.swift; path = AdaptedCellProtocol.swift; sourceTree = "<group>"; };
		FA32BB3B2A24D0DF0043B63A /* AdaptedCellFactoryProtocol.swift */ = {isa = PBXFileReference; lastKnownFileType = sourcecode.swift; path = AdaptedCellFactoryProtocol.swift; sourceTree = "<group>"; };
		FA32BB3D2A24DDE50043B63A /* AdaptedSectionViewModel.swift */ = {isa = PBXFileReference; lastKnownFileType = sourcecode.swift; path = AdaptedSectionViewModel.swift; sourceTree = "<group>"; };
		FA32BB3F2A24DEB30043B63A /* AdaptedSectionViewModelProtocol.swift */ = {isa = PBXFileReference; lastKnownFileType = sourcecode.swift; path = AdaptedSectionViewModelProtocol.swift; sourceTree = "<group>"; };
		FA32BB412A24DF080043B63A /* AdaptedViewModelInputProtocol.swift */ = {isa = PBXFileReference; lastKnownFileType = sourcecode.swift; path = AdaptedViewModelInputProtocol.swift; sourceTree = "<group>"; };
		FA32BB432A24E1060043B63A /* ScheduleCellFactory.swift */ = {isa = PBXFileReference; lastKnownFileType = sourcecode.swift; path = ScheduleCellFactory.swift; sourceTree = "<group>"; };
		FA32BB452A24F4920043B63A /* CalendarNetworkManager.swift */ = {isa = PBXFileReference; lastKnownFileType = sourcecode.swift; path = CalendarNetworkManager.swift; sourceTree = "<group>"; };
		FA445D5529C461D30000E47E /* ScheduleViewController.swift */ = {isa = PBXFileReference; lastKnownFileType = sourcecode.swift; path = ScheduleViewController.swift; sourceTree = "<group>"; };
		FA445D5729C4F48C0000E47E /* ScheduleViewModel.swift */ = {isa = PBXFileReference; lastKnownFileType = sourcecode.swift; path = ScheduleViewModel.swift; sourceTree = "<group>"; };
		FA65BE7D294F5B53007F6FB5 /* UserCreditionals.swift */ = {isa = PBXFileReference; lastKnownFileType = sourcecode.swift; path = UserCreditionals.swift; sourceTree = "<group>"; };
		FA65BE7F294F6533007F6FB5 /* UserDefaults + Extension.swift */ = {isa = PBXFileReference; lastKnownFileType = sourcecode.swift; path = "UserDefaults + Extension.swift"; sourceTree = "<group>"; };
		FA65BE85294F7C17007F6FB5 /* Observable.swift */ = {isa = PBXFileReference; lastKnownFileType = sourcecode.swift; path = Observable.swift; sourceTree = "<group>"; };
		FA65BE87294FC8C2007F6FB5 /* UserProfileVIewController.swift */ = {isa = PBXFileReference; lastKnownFileType = sourcecode.swift; path = UserProfileVIewController.swift; sourceTree = "<group>"; };
		FA65BE89294FC8D4007F6FB5 /* UserProfileViewModel.swift */ = {isa = PBXFileReference; lastKnownFileType = sourcecode.swift; path = UserProfileViewModel.swift; sourceTree = "<group>"; };
		FA65BE8C294FC945007F6FB5 /* MainTabBarVIewController.swift */ = {isa = PBXFileReference; lastKnownFileType = sourcecode.swift; path = MainTabBarVIewController.swift; sourceTree = "<group>"; };
		FA65BE8F294FCFF8007F6FB5 /* MainFlowCoordinator.swift */ = {isa = PBXFileReference; lastKnownFileType = sourcecode.swift; path = MainFlowCoordinator.swift; sourceTree = "<group>"; };
		FA86C1AA291FFF99002A1782 /* RegisterCardViewController.swift */ = {isa = PBXFileReference; lastKnownFileType = sourcecode.swift; path = RegisterCardViewController.swift; sourceTree = "<group>"; };
		FA86C1AC29223A7E002A1782 /* UIView + Extension.swift */ = {isa = PBXFileReference; lastKnownFileType = sourcecode.swift; path = "UIView + Extension.swift"; sourceTree = "<group>"; };
		FA86C1AE2922449F002A1782 /* PersonalDataRegistrationCardViewController.swift */ = {isa = PBXFileReference; lastKnownFileType = sourcecode.swift; path = PersonalDataRegistrationCardViewController.swift; sourceTree = "<group>"; };
		FA86C1B029224F1D002A1782 /* RegistrationViewModel.swift */ = {isa = PBXFileReference; lastKnownFileType = sourcecode.swift; path = RegistrationViewModel.swift; sourceTree = "<group>"; };
		FA8810E5293D13A900F609CE /* BoundedButton.swift */ = {isa = PBXFileReference; lastKnownFileType = sourcecode.swift; path = BoundedButton.swift; sourceTree = "<group>"; };
		FA88A8552A1A650200A74488 /* LoadingViewController.swift */ = {isa = PBXFileReference; lastKnownFileType = sourcecode.swift; path = LoadingViewController.swift; sourceTree = "<group>"; };
		FA9C6BFC2A4E13B90033069F /* CityAndWeightStackView.swift */ = {isa = PBXFileReference; lastKnownFileType = sourcecode.swift; path = CityAndWeightStackView.swift; sourceTree = "<group>"; };
		FA9C6BFE2A4E2FFA0033069F /* CityAndWeightStackViewModel.swift */ = {isa = PBXFileReference; lastKnownFileType = sourcecode.swift; path = CityAndWeightStackViewModel.swift; sourceTree = "<group>"; };
		FA9C6C002A4E50B70033069F /* SportsCategoryView.swift */ = {isa = PBXFileReference; lastKnownFileType = sourcecode.swift; path = SportsCategoryView.swift; sourceTree = "<group>"; };
		FA9C6C022A4E50FB0033069F /* SportsCategoryViewModel.swift */ = {isa = PBXFileReference; lastKnownFileType = sourcecode.swift; path = SportsCategoryViewModel.swift; sourceTree = "<group>"; };
		FAA6A94A290DC29F0068715F /* UIImage+Extension.swift */ = {isa = PBXFileReference; lastKnownFileType = sourcecode.swift; path = "UIImage+Extension.swift"; sourceTree = "<group>"; };
		FAA6A950290DD1030068715F /* CardViewController.swift */ = {isa = PBXFileReference; lastKnownFileType = sourcecode.swift; path = CardViewController.swift; sourceTree = "<group>"; };
		FAC04B61290327BA00B7F6BD /* CISApp.app */ = {isa = PBXFileReference; explicitFileType = wrapper.application; includeInIndex = 0; path = CISApp.app; sourceTree = BUILT_PRODUCTS_DIR; };
		FAC04B64290327BA00B7F6BD /* AppDelegate.swift */ = {isa = PBXFileReference; lastKnownFileType = sourcecode.swift; path = AppDelegate.swift; sourceTree = "<group>"; };
		FAC04B66290327BA00B7F6BD /* SceneDelegate.swift */ = {isa = PBXFileReference; lastKnownFileType = sourcecode.swift; path = SceneDelegate.swift; sourceTree = "<group>"; };
		FAC04B68290327BA00B7F6BD /* MainViewController.swift */ = {isa = PBXFileReference; lastKnownFileType = sourcecode.swift; path = MainViewController.swift; sourceTree = "<group>"; };
		FAC04B70290327BB00B7F6BD /* Assets.xcassets */ = {isa = PBXFileReference; lastKnownFileType = folder.assetcatalog; path = Assets.xcassets; sourceTree = "<group>"; };
		FAC04B73290327BB00B7F6BD /* Base */ = {isa = PBXFileReference; lastKnownFileType = file.storyboard; name = Base; path = Base.lproj/LaunchScreen.storyboard; sourceTree = "<group>"; };
		FAC04B75290327BB00B7F6BD /* Info.plist */ = {isa = PBXFileReference; lastKnownFileType = text.plist.xml; path = Info.plist; sourceTree = "<group>"; };
		FAC04B7A290327BB00B7F6BD /* CISAppTests.xctest */ = {isa = PBXFileReference; explicitFileType = wrapper.cfbundle; includeInIndex = 0; path = CISAppTests.xctest; sourceTree = BUILT_PRODUCTS_DIR; };
		FAC04B7E290327BB00B7F6BD /* CISAppTests.swift */ = {isa = PBXFileReference; lastKnownFileType = sourcecode.swift; path = CISAppTests.swift; sourceTree = "<group>"; };
		FAC04B84290327BB00B7F6BD /* CISAppUITests.xctest */ = {isa = PBXFileReference; explicitFileType = wrapper.cfbundle; includeInIndex = 0; path = CISAppUITests.xctest; sourceTree = BUILT_PRODUCTS_DIR; };
		FAC04B88290327BB00B7F6BD /* CISAppUITests.swift */ = {isa = PBXFileReference; lastKnownFileType = sourcecode.swift; path = CISAppUITests.swift; sourceTree = "<group>"; };
		FAC04B8A290327BB00B7F6BD /* CISAppUITestsLaunchTests.swift */ = {isa = PBXFileReference; lastKnownFileType = sourcecode.swift; path = CISAppUITestsLaunchTests.swift; sourceTree = "<group>"; };
		FAC04B9E29032BFD00B7F6BD /* AssetColors.swift */ = {isa = PBXFileReference; lastKnownFileType = sourcecode.swift; path = AssetColors.swift; sourceTree = "<group>"; };
		FAC04BA029032E0D00B7F6BD /* FontLib.swift */ = {isa = PBXFileReference; lastKnownFileType = sourcecode.swift; path = FontLib.swift; sourceTree = "<group>"; };
		FAC04BA32903332E00B7F6BD /* User.swift */ = {isa = PBXFileReference; lastKnownFileType = sourcecode.swift; path = User.swift; sourceTree = "<group>"; };
		FADA5D01290584C400821A5A /* MainCardViewController.swift */ = {isa = PBXFileReference; lastKnownFileType = sourcecode.swift; path = MainCardViewController.swift; sourceTree = "<group>"; };
		FADA5D032905878900821A5A /* StandartButton.swift */ = {isa = PBXFileReference; lastKnownFileType = sourcecode.swift; path = StandartButton.swift; sourceTree = "<group>"; };
		FADA5D052905BC8300821A5A /* Localization.swift */ = {isa = PBXFileReference; lastKnownFileType = sourcecode.swift; path = Localization.swift; sourceTree = "<group>"; };
		FADDB1C629D7234800EEF445 /* UIButton + extension.swift */ = {isa = PBXFileReference; lastKnownFileType = sourcecode.swift; path = "UIButton + extension.swift"; sourceTree = "<group>"; };
		FADF618F294B792E008A5186 /* UIViewController + Extension.swift */ = {isa = PBXFileReference; lastKnownFileType = sourcecode.swift; path = "UIViewController + Extension.swift"; sourceTree = "<group>"; };
		FADF6192294BBA6F008A5186 /* Constants.swift */ = {isa = PBXFileReference; lastKnownFileType = sourcecode.swift; path = Constants.swift; sourceTree = "<group>"; };
		FADF6194294BC9E0008A5186 /* EndpointTypeProtocol.swift */ = {isa = PBXFileReference; lastKnownFileType = sourcecode.swift; path = EndpointTypeProtocol.swift; sourceTree = "<group>"; };
		FADF6196294C26BE008A5186 /* CISAppEndPoint.swift */ = {isa = PBXFileReference; lastKnownFileType = sourcecode.swift; path = CISAppEndPoint.swift; sourceTree = "<group>"; };
		FADF6198294C344E008A5186 /* UserNetworkManager.swift */ = {isa = PBXFileReference; lastKnownFileType = sourcecode.swift; path = UserNetworkManager.swift; sourceTree = "<group>"; };
		FAECE0E3290D13B8006A0DE1 /* AuthCardsCoordinatorProtocol.swift */ = {isa = PBXFileReference; lastKnownFileType = sourcecode.swift; path = AuthCardsCoordinatorProtocol.swift; sourceTree = "<group>"; };
		FAECE0E5290D28B6006A0DE1 /* TypeAliases.swift */ = {isa = PBXFileReference; lastKnownFileType = sourcecode.swift; path = TypeAliases.swift; sourceTree = "<group>"; };
		FAEE22D72A5DEE2800ED9EEA /* UIStackView + Extension.swift */ = {isa = PBXFileReference; lastKnownFileType = sourcecode.swift; path = "UIStackView + Extension.swift"; sourceTree = "<group>"; };
/* End PBXFileReference section */

/* Begin PBXFrameworksBuildPhase section */
		FAC04B5E290327BA00B7F6BD /* Frameworks */ = {
			isa = PBXFrameworksBuildPhase;
			buildActionMask = 2147483647;
			files = (
			);
			runOnlyForDeploymentPostprocessing = 0;
		};
		FAC04B77290327BB00B7F6BD /* Frameworks */ = {
			isa = PBXFrameworksBuildPhase;
			buildActionMask = 2147483647;
			files = (
			);
			runOnlyForDeploymentPostprocessing = 0;
		};
		FAC04B81290327BB00B7F6BD /* Frameworks */ = {
			isa = PBXFrameworksBuildPhase;
			buildActionMask = 2147483647;
			files = (
			);
			runOnlyForDeploymentPostprocessing = 0;
		};
/* End PBXFrameworksBuildPhase section */

/* Begin PBXGroup section */
		FA036CDC290916E80052F131 /* Views */ = {
			isa = PBXGroup;
			children = (
			);
			path = Views;
			sourceTree = "<group>";
		};
		FA036D36290A8A240052F131 /* Coordinator */ = {
			isa = PBXGroup;
			children = (
				FA036D3C290A8A840052F131 /* AuthFlow */,
				FA036D37290A8A240052F131 /* AppCoordinator.swift */,
				FA036D38290A8A240052F131 /* Protocols */,
			);
			path = Coordinator;
			sourceTree = "<group>";
		};
		FA036D38290A8A240052F131 /* Protocols */ = {
			isa = PBXGroup;
			children = (
				FA036D39290A8A240052F131 /* Coordinator.swift */,
			);
			path = Protocols;
			sourceTree = "<group>";
		};
		FA036D3C290A8A840052F131 /* AuthFlow */ = {
			isa = PBXGroup;
			children = (
				FA036D3D290A8B650052F131 /* AuthCoordinator.swift */,
				FA65BE8F294FCFF8007F6FB5 /* MainFlowCoordinator.swift */,
			);
			path = AuthFlow;
			sourceTree = "<group>";
		};
		FA036D40290A92210052F131 /* PresentationController */ = {
			isa = PBXGroup;
			children = (
				FA036CE5290918810052F131 /* PresentationDirections.swift */,
				FA036CE32909182B0052F131 /* PresentationController.swift */,
				FA036CDD290917610052F131 /* PresentAnimation.swift */,
				FA036CE1290917B90052F131 /* DismissAnimation.swift */,
			);
			path = PresentationController;
			sourceTree = "<group>";
		};
		FA036D47290BBE290052F131 /* UI+Extensions */ = {
			isa = PBXGroup;
			children = (
				FA036D49290BBE520052F131 /* Extension */,
				FA036D48290BBE400052F131 /* UI */,
				FA65BE85294F7C17007F6FB5 /* Observable.swift */,
			);
			path = "UI+Extensions";
			sourceTree = "<group>";
		};
		FA036D48290BBE400052F131 /* UI */ = {
			isa = PBXGroup;
			children = (
				FA32BB342A24C2430043B63A /* UITableView */,
				FA036D40290A92210052F131 /* PresentationController */,
				FADA5D032905878900821A5A /* StandartButton.swift */,
				FA8810E5293D13A900F609CE /* BoundedButton.swift */,
				FA036D43290AF77A0052F131 /* TextField.swift */,
				FAA6A950290DD1030068715F /* CardViewController.swift */,
			);
			path = UI;
			sourceTree = "<group>";
		};
		FA036D49290BBE520052F131 /* Extension */ = {
			isa = PBXGroup;
			children = (
				FAECE0E5290D28B6006A0DE1 /* TypeAliases.swift */,
				FA036D4B290BBE740052F131 /* UILabel + Extension.swift */,
				FA86C1AC29223A7E002A1782 /* UIView + Extension.swift */,
				FAA6A94A290DC29F0068715F /* UIImage+Extension.swift */,
				FADF618F294B792E008A5186 /* UIViewController + Extension.swift */,
				FA65BE7F294F6533007F6FB5 /* UserDefaults + Extension.swift */,
				FADDB1C629D7234800EEF445 /* UIButton + extension.swift */,
				FAEE22D72A5DEE2800ED9EEA /* UIStackView + Extension.swift */,
			);
			path = Extension;
			sourceTree = "<group>";
		};
		FA32BB342A24C2430043B63A /* UITableView */ = {
			isa = PBXGroup;
			children = (
				FA32BB352A24C2710043B63A /* AdaptedTableView.swift */,
				FA32BB412A24DF080043B63A /* AdaptedViewModelInputProtocol.swift */,
				FA32BB372A24CCF80043B63A /* AdaptedCellVIewModelProtocol.swift */,
				FA32BB392A24CF0C0043B63A /* AdaptedCellProtocol.swift */,
				FA32BB3B2A24D0DF0043B63A /* AdaptedCellFactoryProtocol.swift */,
				FA32BB3F2A24DEB30043B63A /* AdaptedSectionViewModelProtocol.swift */,
				FA32BB3D2A24DDE50043B63A /* AdaptedSectionViewModel.swift */,
			);
			path = UITableView;
			sourceTree = "<group>";
		};
		FA65BE8B294FC910007F6FB5 /* AppFlow */ = {
			isa = PBXGroup;
			children = (
				FA8810E2293D0F4500F609CE /* ProfileFlow */,
				FA8810E0293D0EF100F609CE /* ScheduleFlow */,
				FA8810DF293CFBE200F609CE /* NewsFlow */,
				FA65BE8C294FC945007F6FB5 /* MainTabBarVIewController.swift */,
			);
			path = AppFlow;
			sourceTree = "<group>";
		};
		FA8810DE293CFBCD00F609CE /* Flows */ = {
			isa = PBXGroup;
			children = (
				FA65BE8B294FC910007F6FB5 /* AppFlow */,
				FAC04B97290327E600B7F6BD /* AuthFlow */,
				FA88A8552A1A650200A74488 /* LoadingViewController.swift */,
			);
			path = Flows;
			sourceTree = "<group>";
		};
		FA8810DF293CFBE200F609CE /* NewsFlow */ = {
			isa = PBXGroup;
			children = (
			);
			path = NewsFlow;
			sourceTree = "<group>";
		};
		FA8810E0293D0EF100F609CE /* ScheduleFlow */ = {
			isa = PBXGroup;
			children = (
				FA445D5529C461D30000E47E /* ScheduleViewController.swift */,
				FA445D5729C4F48C0000E47E /* ScheduleViewModel.swift */,
				FA09F30229C9A79400AEEA77 /* ScheduleModel.swift */,
				FA32BB302A23C3D90043B63A /* ScheduleCellViewModel.swift */,
				FA32BB322A23C6C10043B63A /* ScheduleCellVIew.swift */,
				FA32BB432A24E1060043B63A /* ScheduleCellFactory.swift */,
			);
			path = ScheduleFlow;
			sourceTree = "<group>";
		};
		FA8810E2293D0F4500F609CE /* ProfileFlow */ = {
			isa = PBXGroup;
			children = (
				FA65BE87294FC8C2007F6FB5 /* UserProfileVIewController.swift */,
				FA65BE89294FC8D4007F6FB5 /* UserProfileViewModel.swift */,
				FA9C6BFC2A4E13B90033069F /* CityAndWeightStackView.swift */,
				FA9C6BFE2A4E2FFA0033069F /* CityAndWeightStackViewModel.swift */,
				FA9C6C002A4E50B70033069F /* SportsCategoryView.swift */,
				FA9C6C022A4E50FB0033069F /* SportsCategoryViewModel.swift */,
			);
			path = ProfileFlow;
			sourceTree = "<group>";
		};
		FAC04B58290327BA00B7F6BD = {
			isa = PBXGroup;
			children = (
				FAC04B63290327BA00B7F6BD /* CISApp */,
				FAC04B7D290327BB00B7F6BD /* CISAppTests */,
				FAC04B87290327BB00B7F6BD /* CISAppUITests */,
				FAC04B62290327BA00B7F6BD /* Products */,
			);
			sourceTree = "<group>";
		};
		FAC04B62290327BA00B7F6BD /* Products */ = {
			isa = PBXGroup;
			children = (
				FAC04B61290327BA00B7F6BD /* CISApp.app */,
				FAC04B7A290327BB00B7F6BD /* CISAppTests.xctest */,
				FAC04B84290327BB00B7F6BD /* CISAppUITests.xctest */,
			);
			name = Products;
			sourceTree = "<group>";
		};
		FAC04B63290327BA00B7F6BD /* CISApp */ = {
			isa = PBXGroup;
			children = (
				FA036D36290A8A240052F131 /* Coordinator */,
				FA036D47290BBE290052F131 /* UI+Extensions */,
				FA8810DE293CFBCD00F609CE /* Flows */,
				FAC04B9D2903285C00B7F6BD /* Assets */,
				FADF6191294BBA4A008A5186 /* NetworkManager */,
				FAC04B9B2903283800B7F6BD /* App */,
			);
			path = CISApp;
			sourceTree = "<group>";
		};
		FAC04B7D290327BB00B7F6BD /* CISAppTests */ = {
			isa = PBXGroup;
			children = (
				FAC04B7E290327BB00B7F6BD /* CISAppTests.swift */,
			);
			path = CISAppTests;
			sourceTree = "<group>";
		};
		FAC04B87290327BB00B7F6BD /* CISAppUITests */ = {
			isa = PBXGroup;
			children = (
				FAC04B88290327BB00B7F6BD /* CISAppUITests.swift */,
				FAC04B8A290327BB00B7F6BD /* CISAppUITestsLaunchTests.swift */,
			);
			path = CISAppUITests;
			sourceTree = "<group>";
		};
		FAC04B97290327E600B7F6BD /* AuthFlow */ = {
			isa = PBXGroup;
			children = (
				FAC04BA22903331800B7F6BD /* Models */,
				FAC04B9A2903282800B7F6BD /* StartScreen */,
				FAC04B992903281800B7F6BD /* Login */,
				FAC04B982903280900B7F6BD /* Registration */,
			);
			path = AuthFlow;
			sourceTree = "<group>";
		};
		FAC04B982903280900B7F6BD /* Registration */ = {
			isa = PBXGroup;
			children = (
				FA86C1AA291FFF99002A1782 /* RegisterCardViewController.swift */,
				FA86C1AE2922449F002A1782 /* PersonalDataRegistrationCardViewController.swift */,
				FA86C1B029224F1D002A1782 /* RegistrationViewModel.swift */,
			);
			path = Registration;
			sourceTree = "<group>";
		};
		FAC04B992903281800B7F6BD /* Login */ = {
			isa = PBXGroup;
			children = (
				FA036D45290BBC6D0052F131 /* LoginCardViewControrller.swift */,
				FA1B4C99294C6927001FA14C /* LoginCardViewModel.swift */,
				FA65BE7D294F5B53007F6FB5 /* UserCreditionals.swift */,
			);
			path = Login;
			sourceTree = "<group>";
		};
		FAC04B9A2903282800B7F6BD /* StartScreen */ = {
			isa = PBXGroup;
			children = (
				FA036CDC290916E80052F131 /* Views */,
				FAC04B68290327BA00B7F6BD /* MainViewController.swift */,
				FADA5D01290584C400821A5A /* MainCardViewController.swift */,
			);
			path = StartScreen;
			sourceTree = "<group>";
		};
		FAC04B9B2903283800B7F6BD /* App */ = {
			isa = PBXGroup;
			children = (
				FAC04B75290327BB00B7F6BD /* Info.plist */,
				FAC04B64290327BA00B7F6BD /* AppDelegate.swift */,
				FAC04B66290327BA00B7F6BD /* SceneDelegate.swift */,
				FAC04B72290327BB00B7F6BD /* LaunchScreen.storyboard */,
			);
			path = App;
			sourceTree = "<group>";
		};
		FAC04B9D2903285C00B7F6BD /* Assets */ = {
			isa = PBXGroup;
			children = (
				FAC04B70290327BB00B7F6BD /* Assets.xcassets */,
				FAC04B9E29032BFD00B7F6BD /* AssetColors.swift */,
				FAC04BA029032E0D00B7F6BD /* FontLib.swift */,
				FADA5D052905BC8300821A5A /* Localization.swift */,
			);
			path = Assets;
			sourceTree = "<group>";
		};
		FAC04BA22903331800B7F6BD /* Models */ = {
			isa = PBXGroup;
			children = (
				FAECE0E3290D13B8006A0DE1 /* AuthCardsCoordinatorProtocol.swift */,
				FAC04BA32903332E00B7F6BD /* User.swift */,
				FA09F30429C9A8EA00AEEA77 /* UserRegisterData.swift */,
				FA09F30629C9A92900AEEA77 /* UserApiResponse.swift */,
			);
			path = Models;
			sourceTree = "<group>";
		};
		FADF6191294BBA4A008A5186 /* NetworkManager */ = {
			isa = PBXGroup;
			children = (
				FADF6192294BBA6F008A5186 /* Constants.swift */,
				FADF6194294BC9E0008A5186 /* EndpointTypeProtocol.swift */,
				FADF6196294C26BE008A5186 /* CISAppEndPoint.swift */,
				FADF6198294C344E008A5186 /* UserNetworkManager.swift */,
				FA32BB452A24F4920043B63A /* CalendarNetworkManager.swift */,
			);
			path = NetworkManager;
			sourceTree = "<group>";
		};
/* End PBXGroup section */

/* Begin PBXNativeTarget section */
		FAC04B60290327BA00B7F6BD /* CISApp */ = {
			isa = PBXNativeTarget;
			buildConfigurationList = FAC04B8E290327BB00B7F6BD /* Build configuration list for PBXNativeTarget "CISApp" */;
			buildPhases = (
				FAC04B5D290327BA00B7F6BD /* Sources */,
				FAC04B5E290327BA00B7F6BD /* Frameworks */,
				FAC04B5F290327BA00B7F6BD /* Resources */,
			);
			buildRules = (
			);
			dependencies = (
			);
			name = CISApp;
			productName = CISApp;
			productReference = FAC04B61290327BA00B7F6BD /* CISApp.app */;
			productType = "com.apple.product-type.application";
		};
		FAC04B79290327BB00B7F6BD /* CISAppTests */ = {
			isa = PBXNativeTarget;
			buildConfigurationList = FAC04B91290327BB00B7F6BD /* Build configuration list for PBXNativeTarget "CISAppTests" */;
			buildPhases = (
				EB5A420B5DAAD29D70DC5F4A /* [CP] Check Pods Manifest.lock */,
				FAC04B76290327BB00B7F6BD /* Sources */,
				FAC04B77290327BB00B7F6BD /* Frameworks */,
				FAC04B78290327BB00B7F6BD /* Resources */,
			);
			buildRules = (
			);
			dependencies = (
				FAC04B7C290327BB00B7F6BD /* PBXTargetDependency */,
			);
			name = CISAppTests;
			productName = CISAppTests;
			productReference = FAC04B7A290327BB00B7F6BD /* CISAppTests.xctest */;
			productType = "com.apple.product-type.bundle.unit-test";
		};
		FAC04B83290327BB00B7F6BD /* CISAppUITests */ = {
			isa = PBXNativeTarget;
			buildConfigurationList = FAC04B94290327BB00B7F6BD /* Build configuration list for PBXNativeTarget "CISAppUITests" */;
			buildPhases = (
				226F1006D8CBC7F58F86227C /* [CP] Check Pods Manifest.lock */,
				FAC04B80290327BB00B7F6BD /* Sources */,
				FAC04B81290327BB00B7F6BD /* Frameworks */,
				FAC04B82290327BB00B7F6BD /* Resources */,
				568471BB48CE6C9C1DA55907 /* [CP] Embed Pods Frameworks */,
			);
			buildRules = (
			);
			dependencies = (
				FAC04B86290327BB00B7F6BD /* PBXTargetDependency */,
			);
			name = CISAppUITests;
			productName = CISAppUITests;
			productReference = FAC04B84290327BB00B7F6BD /* CISAppUITests.xctest */;
			productType = "com.apple.product-type.bundle.ui-testing";
		};
/* End PBXNativeTarget section */

/* Begin PBXProject section */
		FAC04B59290327BA00B7F6BD /* Project object */ = {
			isa = PBXProject;
			attributes = {
				BuildIndependentTargetsInParallel = 1;
				LastSwiftUpdateCheck = 1400;
				LastUpgradeCheck = 1400;
				TargetAttributes = {
					FAC04B60290327BA00B7F6BD = {
						CreatedOnToolsVersion = 14.0.1;
					};
					FAC04B79290327BB00B7F6BD = {
						CreatedOnToolsVersion = 14.0.1;
						TestTargetID = FAC04B60290327BA00B7F6BD;
					};
					FAC04B83290327BB00B7F6BD = {
						CreatedOnToolsVersion = 14.0.1;
						TestTargetID = FAC04B60290327BA00B7F6BD;
					};
				};
			};
			buildConfigurationList = FAC04B5C290327BA00B7F6BD /* Build configuration list for PBXProject "CISApp" */;
			compatibilityVersion = "Xcode 13.0";
			developmentRegion = en;
			hasScannedForEncodings = 0;
			knownRegions = (
				en,
				Base,
			);
			mainGroup = FAC04B58290327BA00B7F6BD;
			productRefGroup = FAC04B62290327BA00B7F6BD /* Products */;
			projectDirPath = "";
			projectRoot = "";
			targets = (
				FAC04B60290327BA00B7F6BD /* CISApp */,
				FAC04B79290327BB00B7F6BD /* CISAppTests */,
				FAC04B83290327BB00B7F6BD /* CISAppUITests */,
			);
		};
/* End PBXProject section */

/* Begin PBXResourcesBuildPhase section */
		FAC04B5F290327BA00B7F6BD /* Resources */ = {
			isa = PBXResourcesBuildPhase;
			buildActionMask = 2147483647;
			files = (
				FAC04B74290327BB00B7F6BD /* LaunchScreen.storyboard in Resources */,
				FAC04B71290327BB00B7F6BD /* Assets.xcassets in Resources */,
			);
			runOnlyForDeploymentPostprocessing = 0;
		};
		FAC04B78290327BB00B7F6BD /* Resources */ = {
			isa = PBXResourcesBuildPhase;
			buildActionMask = 2147483647;
			files = (
			);
			runOnlyForDeploymentPostprocessing = 0;
		};
		FAC04B82290327BB00B7F6BD /* Resources */ = {
			isa = PBXResourcesBuildPhase;
			buildActionMask = 2147483647;
			files = (
			);
			runOnlyForDeploymentPostprocessing = 0;
		};
/* End PBXResourcesBuildPhase section */

/* Begin PBXShellScriptBuildPhase section */
		226F1006D8CBC7F58F86227C /* [CP] Check Pods Manifest.lock */ = {
			isa = PBXShellScriptBuildPhase;
			buildActionMask = 2147483647;
			files = (
			);
			inputFileListPaths = (
			);
			inputPaths = (
				"${PODS_PODFILE_DIR_PATH}/Podfile.lock",
				"${PODS_ROOT}/Manifest.lock",
			);
			name = "[CP] Check Pods Manifest.lock";
			outputFileListPaths = (
			);
			outputPaths = (
				"$(DERIVED_FILE_DIR)/Pods-CISApp-CISAppUITests-checkManifestLockResult.txt",
			);
			runOnlyForDeploymentPostprocessing = 0;
			shellPath = /bin/sh;
			shellScript = "diff \"${PODS_PODFILE_DIR_PATH}/Podfile.lock\" \"${PODS_ROOT}/Manifest.lock\" > /dev/null\nif [ $? != 0 ] ; then\n    # print error to STDERR\n    echo \"error: The sandbox is not in sync with the Podfile.lock. Run 'pod install' or update your CocoaPods installation.\" >&2\n    exit 1\nfi\n# This output is used by Xcode 'outputs' to avoid re-running this script phase.\necho \"SUCCESS\" > \"${SCRIPT_OUTPUT_FILE_0}\"\n";
			showEnvVarsInLog = 0;
		};
		568471BB48CE6C9C1DA55907 /* [CP] Embed Pods Frameworks */ = {
			isa = PBXShellScriptBuildPhase;
			buildActionMask = 2147483647;
			files = (
			);
			inputFileListPaths = (
				"${PODS_ROOT}/Target Support Files/Pods-CISApp-CISAppUITests/Pods-CISApp-CISAppUITests-frameworks-${CONFIGURATION}-input-files.xcfilelist",
			);
			name = "[CP] Embed Pods Frameworks";
			outputFileListPaths = (
				"${PODS_ROOT}/Target Support Files/Pods-CISApp-CISAppUITests/Pods-CISApp-CISAppUITests-frameworks-${CONFIGURATION}-output-files.xcfilelist",
			);
			runOnlyForDeploymentPostprocessing = 0;
			shellPath = /bin/sh;
			shellScript = "\"${PODS_ROOT}/Target Support Files/Pods-CISApp-CISAppUITests/Pods-CISApp-CISAppUITests-frameworks.sh\"\n";
			showEnvVarsInLog = 0;
		};
		EB5A420B5DAAD29D70DC5F4A /* [CP] Check Pods Manifest.lock */ = {
			isa = PBXShellScriptBuildPhase;
			buildActionMask = 2147483647;
			files = (
			);
			inputFileListPaths = (
			);
			inputPaths = (
				"${PODS_PODFILE_DIR_PATH}/Podfile.lock",
				"${PODS_ROOT}/Manifest.lock",
			);
			name = "[CP] Check Pods Manifest.lock";
			outputFileListPaths = (
			);
			outputPaths = (
				"$(DERIVED_FILE_DIR)/Pods-CISAppTests-checkManifestLockResult.txt",
			);
			runOnlyForDeploymentPostprocessing = 0;
			shellPath = /bin/sh;
			shellScript = "diff \"${PODS_PODFILE_DIR_PATH}/Podfile.lock\" \"${PODS_ROOT}/Manifest.lock\" > /dev/null\nif [ $? != 0 ] ; then\n    # print error to STDERR\n    echo \"error: The sandbox is not in sync with the Podfile.lock. Run 'pod install' or update your CocoaPods installation.\" >&2\n    exit 1\nfi\n# This output is used by Xcode 'outputs' to avoid re-running this script phase.\necho \"SUCCESS\" > \"${SCRIPT_OUTPUT_FILE_0}\"\n";
			showEnvVarsInLog = 0;
		};
/* End PBXShellScriptBuildPhase section */

/* Begin PBXSourcesBuildPhase section */
		FAC04B5D290327BA00B7F6BD /* Sources */ = {
			isa = PBXSourcesBuildPhase;
			buildActionMask = 2147483647;
			files = (
				FA1B4C9A294C6927001FA14C /* LoginCardViewModel.swift in Sources */,
				FA32BB442A24E1060043B63A /* ScheduleCellFactory.swift in Sources */,
				FA32BB3A2A24CF0C0043B63A /* AdaptedCellProtocol.swift in Sources */,
				FA32BB3C2A24D0DF0043B63A /* AdaptedCellFactoryProtocol.swift in Sources */,
				FADF6195294BC9E0008A5186 /* EndpointTypeProtocol.swift in Sources */,
				FA445D5829C4F48C0000E47E /* ScheduleViewModel.swift in Sources */,
				FAC04BA129032E0D00B7F6BD /* FontLib.swift in Sources */,
				FADF6193294BBA6F008A5186 /* Constants.swift in Sources */,
				FAC04B69290327BA00B7F6BD /* MainViewController.swift in Sources */,
				FA036D3B290A8A240052F131 /* Coordinator.swift in Sources */,
				FA32BB332A23C6C10043B63A /* ScheduleCellVIew.swift in Sources */,
				FA86C1AF2922449F002A1782 /* PersonalDataRegistrationCardViewController.swift in Sources */,
				FADDB1C729D7234800EEF445 /* UIButton + extension.swift in Sources */,
				FA32BB382A24CCF80043B63A /* AdaptedCellVIewModelProtocol.swift in Sources */,
				FA036CE2290917B90052F131 /* DismissAnimation.swift in Sources */,
				FAEE22D82A5DEE2800ED9EEA /* UIStackView + Extension.swift in Sources */,
				FA65BE80294F6533007F6FB5 /* UserDefaults + Extension.swift in Sources */,
				FA32BB422A24DF080043B63A /* AdaptedViewModelInputProtocol.swift in Sources */,
				FA88A8562A1A650200A74488 /* LoadingViewController.swift in Sources */,
				FAECE0E4290D13B8006A0DE1 /* AuthCardsCoordinatorProtocol.swift in Sources */,
				FA9C6BFF2A4E2FFA0033069F /* CityAndWeightStackViewModel.swift in Sources */,
				FA65BE7E294F5B53007F6FB5 /* UserCreditionals.swift in Sources */,
				FA9C6BFD2A4E13B90033069F /* CityAndWeightStackView.swift in Sources */,
				FA09F30329C9A79400AEEA77 /* ScheduleModel.swift in Sources */,
				FA036CDE290917610052F131 /* PresentAnimation.swift in Sources */,
				FA445D5629C461D30000E47E /* ScheduleViewController.swift in Sources */,
				FAC04BA42903332E00B7F6BD /* User.swift in Sources */,
				FA09F30729C9A92900AEEA77 /* UserApiResponse.swift in Sources */,
				FA036D44290AF77A0052F131 /* TextField.swift in Sources */,
				FA036D3E290A8B650052F131 /* AuthCoordinator.swift in Sources */,
				FA86C1B129224F1D002A1782 /* RegistrationViewModel.swift in Sources */,
				FA09F30529C9A8EA00AEEA77 /* UserRegisterData.swift in Sources */,
				FA8810E6293D13A900F609CE /* BoundedButton.swift in Sources */,
				FAA6A94B290DC29F0068715F /* UIImage+Extension.swift in Sources */,
				FA65BE8A294FC8D4007F6FB5 /* UserProfileViewModel.swift in Sources */,
				FA32BB402A24DEB30043B63A /* AdaptedSectionViewModelProtocol.swift in Sources */,
				FA86C1AB291FFF99002A1782 /* RegisterCardViewController.swift in Sources */,
				FA036D4C290BBE740052F131 /* UILabel + Extension.swift in Sources */,
				FA65BE86294F7C17007F6FB5 /* Observable.swift in Sources */,
				FAC04B65290327BA00B7F6BD /* AppDelegate.swift in Sources */,
				FA65BE90294FCFF8007F6FB5 /* MainFlowCoordinator.swift in Sources */,
				FADF6199294C344E008A5186 /* UserNetworkManager.swift in Sources */,
				FA32BB312A23C3D90043B63A /* ScheduleCellViewModel.swift in Sources */,
				FA32BB462A24F4920043B63A /* CalendarNetworkManager.swift in Sources */,
				FA32BB362A24C2710043B63A /* AdaptedTableView.swift in Sources */,
				FA036D3A290A8A240052F131 /* AppCoordinator.swift in Sources */,
				FA9C6C012A4E50B70033069F /* SportsCategoryView.swift in Sources */,
				FAECE0E6290D28B6006A0DE1 /* TypeAliases.swift in Sources */,
				FA036CE6290918810052F131 /* PresentationDirections.swift in Sources */,
				FA65BE8D294FC945007F6FB5 /* MainTabBarVIewController.swift in Sources */,
				FADF6190294B792E008A5186 /* UIViewController + Extension.swift in Sources */,
				FADA5D042905878900821A5A /* StandartButton.swift in Sources */,
				FADA5D062905BC8300821A5A /* Localization.swift in Sources */,
				FA86C1AD29223A7E002A1782 /* UIView + Extension.swift in Sources */,
				FA32BB3E2A24DDE50043B63A /* AdaptedSectionViewModel.swift in Sources */,
				FAA6A951290DD1030068715F /* CardViewController.swift in Sources */,
				FA9C6C032A4E50FB0033069F /* SportsCategoryViewModel.swift in Sources */,
				FAC04B9F29032BFD00B7F6BD /* AssetColors.swift in Sources */,
				FAC04B67290327BA00B7F6BD /* SceneDelegate.swift in Sources */,
				FADF6197294C26BE008A5186 /* CISAppEndPoint.swift in Sources */,
				FADA5D02290584C400821A5A /* MainCardViewController.swift in Sources */,
				FA65BE88294FC8C2007F6FB5 /* UserProfileVIewController.swift in Sources */,
				FA036CE42909182B0052F131 /* PresentationController.swift in Sources */,
				FA036D46290BBC6D0052F131 /* LoginCardViewControrller.swift in Sources */,
			);
			runOnlyForDeploymentPostprocessing = 0;
		};
		FAC04B76290327BB00B7F6BD /* Sources */ = {
			isa = PBXSourcesBuildPhase;
			buildActionMask = 2147483647;
			files = (
				FAC04B7F290327BB00B7F6BD /* CISAppTests.swift in Sources */,
			);
			runOnlyForDeploymentPostprocessing = 0;
		};
		FAC04B80290327BB00B7F6BD /* Sources */ = {
			isa = PBXSourcesBuildPhase;
			buildActionMask = 2147483647;
			files = (
				FAC04B8B290327BB00B7F6BD /* CISAppUITestsLaunchTests.swift in Sources */,
				FAC04B89290327BB00B7F6BD /* CISAppUITests.swift in Sources */,
			);
			runOnlyForDeploymentPostprocessing = 0;
		};
/* End PBXSourcesBuildPhase section */

/* Begin PBXTargetDependency section */
		FAC04B7C290327BB00B7F6BD /* PBXTargetDependency */ = {
			isa = PBXTargetDependency;
			target = FAC04B60290327BA00B7F6BD /* CISApp */;
			targetProxy = FAC04B7B290327BB00B7F6BD /* PBXContainerItemProxy */;
		};
		FAC04B86290327BB00B7F6BD /* PBXTargetDependency */ = {
			isa = PBXTargetDependency;
			target = FAC04B60290327BA00B7F6BD /* CISApp */;
			targetProxy = FAC04B85290327BB00B7F6BD /* PBXContainerItemProxy */;
		};
/* End PBXTargetDependency section */

/* Begin PBXVariantGroup section */
		FAC04B72290327BB00B7F6BD /* LaunchScreen.storyboard */ = {
			isa = PBXVariantGroup;
			children = (
				FAC04B73290327BB00B7F6BD /* Base */,
			);
			name = LaunchScreen.storyboard;
			sourceTree = "<group>";
		};
/* End PBXVariantGroup section */

/* Begin XCBuildConfiguration section */
		FAC04B8C290327BB00B7F6BD /* Debug */ = {
			isa = XCBuildConfiguration;
			buildSettings = {
				ALWAYS_SEARCH_USER_PATHS = NO;
				CLANG_ANALYZER_NONNULL = YES;
				CLANG_ANALYZER_NUMBER_OBJECT_CONVERSION = YES_AGGRESSIVE;
				CLANG_CXX_LANGUAGE_STANDARD = "gnu++20";
				CLANG_ENABLE_MODULES = YES;
				CLANG_ENABLE_OBJC_ARC = YES;
				CLANG_ENABLE_OBJC_WEAK = YES;
				CLANG_WARN_BLOCK_CAPTURE_AUTORELEASING = YES;
				CLANG_WARN_BOOL_CONVERSION = YES;
				CLANG_WARN_COMMA = YES;
				CLANG_WARN_CONSTANT_CONVERSION = YES;
				CLANG_WARN_DEPRECATED_OBJC_IMPLEMENTATIONS = YES;
				CLANG_WARN_DIRECT_OBJC_ISA_USAGE = YES_ERROR;
				CLANG_WARN_DOCUMENTATION_COMMENTS = YES;
				CLANG_WARN_EMPTY_BODY = YES;
				CLANG_WARN_ENUM_CONVERSION = YES;
				CLANG_WARN_INFINITE_RECURSION = YES;
				CLANG_WARN_INT_CONVERSION = YES;
				CLANG_WARN_NON_LITERAL_NULL_CONVERSION = YES;
				CLANG_WARN_OBJC_IMPLICIT_RETAIN_SELF = YES;
				CLANG_WARN_OBJC_LITERAL_CONVERSION = YES;
				CLANG_WARN_OBJC_ROOT_CLASS = YES_ERROR;
				CLANG_WARN_QUOTED_INCLUDE_IN_FRAMEWORK_HEADER = YES;
				CLANG_WARN_RANGE_LOOP_ANALYSIS = YES;
				CLANG_WARN_STRICT_PROTOTYPES = YES;
				CLANG_WARN_SUSPICIOUS_MOVE = YES;
				CLANG_WARN_UNGUARDED_AVAILABILITY = YES_AGGRESSIVE;
				CLANG_WARN_UNREACHABLE_CODE = YES;
				CLANG_WARN__DUPLICATE_METHOD_MATCH = YES;
				COPY_PHASE_STRIP = NO;
				DEBUG_INFORMATION_FORMAT = dwarf;
				ENABLE_STRICT_OBJC_MSGSEND = YES;
				ENABLE_TESTABILITY = YES;
				GCC_C_LANGUAGE_STANDARD = gnu11;
				GCC_DYNAMIC_NO_PIC = NO;
				GCC_NO_COMMON_BLOCKS = YES;
				GCC_OPTIMIZATION_LEVEL = 0;
				GCC_PREPROCESSOR_DEFINITIONS = (
					"DEBUG=1",
					"$(inherited)",
				);
				GCC_WARN_64_TO_32_BIT_CONVERSION = YES;
				GCC_WARN_ABOUT_RETURN_TYPE = YES_ERROR;
				GCC_WARN_UNDECLARED_SELECTOR = YES;
				GCC_WARN_UNINITIALIZED_AUTOS = YES_AGGRESSIVE;
				GCC_WARN_UNUSED_FUNCTION = YES;
				GCC_WARN_UNUSED_VARIABLE = YES;
				IPHONEOS_DEPLOYMENT_TARGET = 16.0;
				MTL_ENABLE_DEBUG_INFO = INCLUDE_SOURCE;
				MTL_FAST_MATH = YES;
				ONLY_ACTIVE_ARCH = YES;
				SDKROOT = iphoneos;
				SWIFT_ACTIVE_COMPILATION_CONDITIONS = DEBUG;
				SWIFT_OPTIMIZATION_LEVEL = "-Onone";
			};
			name = Debug;
		};
		FAC04B8D290327BB00B7F6BD /* Release */ = {
			isa = XCBuildConfiguration;
			buildSettings = {
				ALWAYS_SEARCH_USER_PATHS = NO;
				CLANG_ANALYZER_NONNULL = YES;
				CLANG_ANALYZER_NUMBER_OBJECT_CONVERSION = YES_AGGRESSIVE;
				CLANG_CXX_LANGUAGE_STANDARD = "gnu++20";
				CLANG_ENABLE_MODULES = YES;
				CLANG_ENABLE_OBJC_ARC = YES;
				CLANG_ENABLE_OBJC_WEAK = YES;
				CLANG_WARN_BLOCK_CAPTURE_AUTORELEASING = YES;
				CLANG_WARN_BOOL_CONVERSION = YES;
				CLANG_WARN_COMMA = YES;
				CLANG_WARN_CONSTANT_CONVERSION = YES;
				CLANG_WARN_DEPRECATED_OBJC_IMPLEMENTATIONS = YES;
				CLANG_WARN_DIRECT_OBJC_ISA_USAGE = YES_ERROR;
				CLANG_WARN_DOCUMENTATION_COMMENTS = YES;
				CLANG_WARN_EMPTY_BODY = YES;
				CLANG_WARN_ENUM_CONVERSION = YES;
				CLANG_WARN_INFINITE_RECURSION = YES;
				CLANG_WARN_INT_CONVERSION = YES;
				CLANG_WARN_NON_LITERAL_NULL_CONVERSION = YES;
				CLANG_WARN_OBJC_IMPLICIT_RETAIN_SELF = YES;
				CLANG_WARN_OBJC_LITERAL_CONVERSION = YES;
				CLANG_WARN_OBJC_ROOT_CLASS = YES_ERROR;
				CLANG_WARN_QUOTED_INCLUDE_IN_FRAMEWORK_HEADER = YES;
				CLANG_WARN_RANGE_LOOP_ANALYSIS = YES;
				CLANG_WARN_STRICT_PROTOTYPES = YES;
				CLANG_WARN_SUSPICIOUS_MOVE = YES;
				CLANG_WARN_UNGUARDED_AVAILABILITY = YES_AGGRESSIVE;
				CLANG_WARN_UNREACHABLE_CODE = YES;
				CLANG_WARN__DUPLICATE_METHOD_MATCH = YES;
				COPY_PHASE_STRIP = NO;
				DEBUG_INFORMATION_FORMAT = "dwarf-with-dsym";
				ENABLE_NS_ASSERTIONS = NO;
				ENABLE_STRICT_OBJC_MSGSEND = YES;
				GCC_C_LANGUAGE_STANDARD = gnu11;
				GCC_NO_COMMON_BLOCKS = YES;
				GCC_WARN_64_TO_32_BIT_CONVERSION = YES;
				GCC_WARN_ABOUT_RETURN_TYPE = YES_ERROR;
				GCC_WARN_UNDECLARED_SELECTOR = YES;
				GCC_WARN_UNINITIALIZED_AUTOS = YES_AGGRESSIVE;
				GCC_WARN_UNUSED_FUNCTION = YES;
				GCC_WARN_UNUSED_VARIABLE = YES;
				IPHONEOS_DEPLOYMENT_TARGET = 16.0;
				MTL_ENABLE_DEBUG_INFO = NO;
				MTL_FAST_MATH = YES;
				SDKROOT = iphoneos;
				SWIFT_COMPILATION_MODE = wholemodule;
				SWIFT_OPTIMIZATION_LEVEL = "-O";
				VALIDATE_PRODUCT = YES;
			};
			name = Release;
		};
		FAC04B8F290327BB00B7F6BD /* Debug */ = {
			isa = XCBuildConfiguration;
			buildSettings = {
				ASSETCATALOG_COMPILER_APPICON_NAME = AppIcon;
				ASSETCATALOG_COMPILER_GLOBAL_ACCENT_COLOR_NAME = AccentColor;
				CODE_SIGN_STYLE = Automatic;
				CURRENT_PROJECT_VERSION = 1;
				DEVELOPMENT_TEAM = 2A8FN782JR;
				FRAMEWORK_SEARCH_PATHS = "";
				GENERATE_INFOPLIST_FILE = YES;
				HEADER_SEARCH_PATHS = "";
				INFOPLIST_FILE = CISApp/App/Info.plist;
				INFOPLIST_KEY_UIApplicationSupportsIndirectInputEvents = YES;
				INFOPLIST_KEY_UILaunchStoryboardName = LaunchScreen;
				INFOPLIST_KEY_UISupportedInterfaceOrientations_iPad = "UIInterfaceOrientationPortrait UIInterfaceOrientationPortraitUpsideDown UIInterfaceOrientationLandscapeLeft UIInterfaceOrientationLandscapeRight";
				INFOPLIST_KEY_UISupportedInterfaceOrientations_iPhone = "UIInterfaceOrientationPortrait UIInterfaceOrientationLandscapeLeft UIInterfaceOrientationLandscapeRight";
				IPHONEOS_DEPLOYMENT_TARGET = 14.0;
				LD_RUNPATH_SEARCH_PATHS = (
					"$(inherited)",
					"@executable_path/Frameworks",
				);
				MARKETING_VERSION = 1.0;
				OTHER_LDFLAGS = "";
				PRODUCT_BUNDLE_IDENTIFIER = AlexWonder.CISApp;
				PRODUCT_NAME = "$(TARGET_NAME)";
				SWIFT_EMIT_LOC_STRINGS = YES;
				SWIFT_VERSION = 5.0;
				TARGETED_DEVICE_FAMILY = "1,2";
			};
			name = Debug;
		};
		FAC04B90290327BB00B7F6BD /* Release */ = {
			isa = XCBuildConfiguration;
			buildSettings = {
				ASSETCATALOG_COMPILER_APPICON_NAME = AppIcon;
				ASSETCATALOG_COMPILER_GLOBAL_ACCENT_COLOR_NAME = AccentColor;
				CODE_SIGN_STYLE = Automatic;
				CURRENT_PROJECT_VERSION = 1;
				DEVELOPMENT_TEAM = 2A8FN782JR;
				FRAMEWORK_SEARCH_PATHS = "";
				GENERATE_INFOPLIST_FILE = YES;
				HEADER_SEARCH_PATHS = "";
				INFOPLIST_FILE = CISApp/App/Info.plist;
				INFOPLIST_KEY_UIApplicationSupportsIndirectInputEvents = YES;
				INFOPLIST_KEY_UILaunchStoryboardName = LaunchScreen;
				INFOPLIST_KEY_UISupportedInterfaceOrientations_iPad = "UIInterfaceOrientationPortrait UIInterfaceOrientationPortraitUpsideDown UIInterfaceOrientationLandscapeLeft UIInterfaceOrientationLandscapeRight";
				INFOPLIST_KEY_UISupportedInterfaceOrientations_iPhone = "UIInterfaceOrientationPortrait UIInterfaceOrientationLandscapeLeft UIInterfaceOrientationLandscapeRight";
				IPHONEOS_DEPLOYMENT_TARGET = 14.0;
				LD_RUNPATH_SEARCH_PATHS = (
					"$(inherited)",
					"@executable_path/Frameworks",
				);
				MARKETING_VERSION = 1.0;
				OTHER_LDFLAGS = "";
				PRODUCT_BUNDLE_IDENTIFIER = AlexWonder.CISApp;
				PRODUCT_NAME = "$(TARGET_NAME)";
				SWIFT_EMIT_LOC_STRINGS = YES;
				SWIFT_VERSION = 5.0;
				TARGETED_DEVICE_FAMILY = "1,2";
			};
			name = Release;
		};
		FAC04B92290327BB00B7F6BD /* Debug */ = {
			isa = XCBuildConfiguration;
			buildSettings = {
				ALWAYS_EMBED_SWIFT_STANDARD_LIBRARIES = YES;
				BUNDLE_LOADER = "$(TEST_HOST)";
				CODE_SIGN_STYLE = Automatic;
				CURRENT_PROJECT_VERSION = 1;
				DEVELOPMENT_TEAM = 2A8FN782JR;
				GENERATE_INFOPLIST_FILE = YES;
				IPHONEOS_DEPLOYMENT_TARGET = 16.0;
				MARKETING_VERSION = 1.0;
				PRODUCT_BUNDLE_IDENTIFIER = AlexWonder.CISAppTests;
				PRODUCT_NAME = "$(TARGET_NAME)";
				SWIFT_EMIT_LOC_STRINGS = NO;
				SWIFT_VERSION = 5.0;
				TARGETED_DEVICE_FAMILY = "1,2";
				TEST_HOST = "$(BUILT_PRODUCTS_DIR)/CISApp.app/$(BUNDLE_EXECUTABLE_FOLDER_PATH)/CISApp";
			};
			name = Debug;
		};
		FAC04B93290327BB00B7F6BD /* Release */ = {
			isa = XCBuildConfiguration;
			buildSettings = {
				ALWAYS_EMBED_SWIFT_STANDARD_LIBRARIES = YES;
				BUNDLE_LOADER = "$(TEST_HOST)";
				CODE_SIGN_STYLE = Automatic;
				CURRENT_PROJECT_VERSION = 1;
				DEVELOPMENT_TEAM = 2A8FN782JR;
				GENERATE_INFOPLIST_FILE = YES;
				IPHONEOS_DEPLOYMENT_TARGET = 16.0;
				MARKETING_VERSION = 1.0;
				PRODUCT_BUNDLE_IDENTIFIER = AlexWonder.CISAppTests;
				PRODUCT_NAME = "$(TARGET_NAME)";
				SWIFT_EMIT_LOC_STRINGS = NO;
				SWIFT_VERSION = 5.0;
				TARGETED_DEVICE_FAMILY = "1,2";
				TEST_HOST = "$(BUILT_PRODUCTS_DIR)/CISApp.app/$(BUNDLE_EXECUTABLE_FOLDER_PATH)/CISApp";
			};
			name = Release;
		};
		FAC04B95290327BB00B7F6BD /* Debug */ = {
			isa = XCBuildConfiguration;
			buildSettings = {
				ALWAYS_EMBED_SWIFT_STANDARD_LIBRARIES = YES;
				CODE_SIGN_STYLE = Automatic;
				CURRENT_PROJECT_VERSION = 1;
				DEVELOPMENT_TEAM = 2A8FN782JR;
				GENERATE_INFOPLIST_FILE = YES;
				MARKETING_VERSION = 1.0;
				PRODUCT_BUNDLE_IDENTIFIER = AlexWonder.CISAppUITests;
				PRODUCT_NAME = "$(TARGET_NAME)";
				SWIFT_EMIT_LOC_STRINGS = NO;
				SWIFT_VERSION = 5.0;
				TARGETED_DEVICE_FAMILY = "1,2";
				TEST_TARGET_NAME = CISApp;
			};
			name = Debug;
		};
		FAC04B96290327BB00B7F6BD /* Release */ = {
			isa = XCBuildConfiguration;
			buildSettings = {
				ALWAYS_EMBED_SWIFT_STANDARD_LIBRARIES = YES;
				CODE_SIGN_STYLE = Automatic;
				CURRENT_PROJECT_VERSION = 1;
				DEVELOPMENT_TEAM = 2A8FN782JR;
				GENERATE_INFOPLIST_FILE = YES;
				MARKETING_VERSION = 1.0;
				PRODUCT_BUNDLE_IDENTIFIER = AlexWonder.CISAppUITests;
				PRODUCT_NAME = "$(TARGET_NAME)";
				SWIFT_EMIT_LOC_STRINGS = NO;
				SWIFT_VERSION = 5.0;
				TARGETED_DEVICE_FAMILY = "1,2";
				TEST_TARGET_NAME = CISApp;
			};
			name = Release;
		};
/* End XCBuildConfiguration section */

/* Begin XCConfigurationList section */
		FAC04B5C290327BA00B7F6BD /* Build configuration list for PBXProject "CISApp" */ = {
			isa = XCConfigurationList;
			buildConfigurations = (
				FAC04B8C290327BB00B7F6BD /* Debug */,
				FAC04B8D290327BB00B7F6BD /* Release */,
			);
			defaultConfigurationIsVisible = 0;
			defaultConfigurationName = Release;
		};
		FAC04B8E290327BB00B7F6BD /* Build configuration list for PBXNativeTarget "CISApp" */ = {
			isa = XCConfigurationList;
			buildConfigurations = (
				FAC04B8F290327BB00B7F6BD /* Debug */,
				FAC04B90290327BB00B7F6BD /* Release */,
			);
			defaultConfigurationIsVisible = 0;
			defaultConfigurationName = Release;
		};
		FAC04B91290327BB00B7F6BD /* Build configuration list for PBXNativeTarget "CISAppTests" */ = {
			isa = XCConfigurationList;
			buildConfigurations = (
				FAC04B92290327BB00B7F6BD /* Debug */,
				FAC04B93290327BB00B7F6BD /* Release */,
			);
			defaultConfigurationIsVisible = 0;
			defaultConfigurationName = Release;
		};
		FAC04B94290327BB00B7F6BD /* Build configuration list for PBXNativeTarget "CISAppUITests" */ = {
			isa = XCConfigurationList;
			buildConfigurations = (
				FAC04B95290327BB00B7F6BD /* Debug */,
				FAC04B96290327BB00B7F6BD /* Release */,
			);
			defaultConfigurationIsVisible = 0;
			defaultConfigurationName = Release;
		};
/* End XCConfigurationList section */
	};
	rootObject = FAC04B59290327BA00B7F6BD /* Project object */;
}
